PODS:
  - Alamofire (5.0.5)
  - AlamofireImage (4.0.3):
    - Alamofire (< 6.0.0, >= 5.0.2)
  - Charts (3.4.0):
    - Charts/Core (= 3.4.0)
  - Charts/Core (3.4.0)
  - ChartsRealm (3.4.0):
    - Charts (~> 3.4.0)
    - RealmSwift (~> 3.18.0)
  - DateTimePicker (2.4.1)
  - ExpandableCell (1.3.0)
  - Firebase/Core (6.21.0):
    - Firebase/CoreOnly
    - FirebaseAnalytics (= 6.4.0)
  - Firebase/CoreOnly (6.21.0):
    - FirebaseCore (= 6.6.5)
  - Firebase/Messaging (6.21.0):
    - Firebase/CoreOnly
    - FirebaseMessaging (~> 4.3.0)
  - FirebaseAnalytics (6.4.0):
    - FirebaseCore (~> 6.6)
    - FirebaseInstallations (~> 1.1)
    - GoogleAppMeasurement (= 6.4.0)
    - GoogleUtilities/AppDelegateSwizzler (~> 6.0)
    - GoogleUtilities/MethodSwizzler (~> 6.0)
    - GoogleUtilities/Network (~> 6.0)
    - "GoogleUtilities/NSData+zlib (~> 6.0)"
    - nanopb (= 0.3.9011)
  - FirebaseAnalyticsInterop (1.5.0)
  - FirebaseCore (6.6.5):
    - FirebaseCoreDiagnostics (~> 1.2)
    - FirebaseCoreDiagnosticsInterop (~> 1.2)
    - GoogleUtilities/Environment (~> 6.5)
    - GoogleUtilities/Logger (~> 6.5)
  - FirebaseCoreDiagnostics (1.2.4):
    - FirebaseCoreDiagnosticsInterop (~> 1.2)
    - GoogleDataTransportCCTSupport (~> 3.0)
    - GoogleUtilities/Environment (~> 6.5)
    - GoogleUtilities/Logger (~> 6.5)
    - nanopb (~> 0.3.901)
  - FirebaseCoreDiagnosticsInterop (1.2.0)
  - FirebaseInstallations (1.1.1):
    - FirebaseCore (~> 6.6)
    - GoogleUtilities/UserDefaults (~> 6.5)
    - PromisesObjC (~> 1.2)
  - FirebaseInstanceID (4.3.2):
    - FirebaseCore (~> 6.6)
    - FirebaseInstallations (~> 1.0)
    - GoogleUtilities/Environment (~> 6.5)
    - GoogleUtilities/UserDefaults (~> 6.5)
  - FirebaseMessaging (4.3.0):
    - FirebaseAnalyticsInterop (~> 1.5)
    - FirebaseCore (~> 6.6)
    - FirebaseInstanceID (~> 4.3)
    - GoogleUtilities/AppDelegateSwizzler (~> 6.5)
    - GoogleUtilities/Environment (~> 6.5)
    - GoogleUtilities/Reachability (~> 6.5)
    - GoogleUtilities/UserDefaults (~> 6.5)
    - Protobuf (>= 3.9.2, ~> 3.9)
  - FSCalendar (2.8.1)
  - GoogleAppMeasurement (6.4.0):
    - GoogleUtilities/AppDelegateSwizzler (~> 6.0)
    - GoogleUtilities/MethodSwizzler (~> 6.0)
    - GoogleUtilities/Network (~> 6.0)
    - "GoogleUtilities/NSData+zlib (~> 6.0)"
    - nanopb (= 0.3.9011)
  - GoogleDataTransport (6.0.0)
  - GoogleDataTransportCCTSupport (3.0.0):
    - GoogleDataTransport (~> 6.0)
    - nanopb (~> 0.3.901)
  - GoogleUtilities/AppDelegateSwizzler (6.5.2):
    - GoogleUtilities/Environment
    - GoogleUtilities/Logger
    - GoogleUtilities/Network
  - GoogleUtilities/Environment (6.5.2)
  - GoogleUtilities/Logger (6.5.2):
    - GoogleUtilities/Environment
  - GoogleUtilities/MethodSwizzler (6.5.2):
    - GoogleUtilities/Logger
  - GoogleUtilities/Network (6.5.2):
    - GoogleUtilities/Logger
    - "GoogleUtilities/NSData+zlib"
    - GoogleUtilities/Reachability
  - "GoogleUtilities/NSData+zlib (6.5.2)"
  - GoogleUtilities/Reachability (6.5.2):
    - GoogleUtilities/Logger
  - GoogleUtilities/UserDefaults (6.5.2):
    - GoogleUtilities/Logger
  - Hero (1.5.0)
  - IQKeyboardManagerSwift (6.5.5)
  - JGProgressHUD (2.1)
  - nanopb (0.3.9011):
    - nanopb/decode (= 0.3.9011)
    - nanopb/encode (= 0.3.9011)
  - nanopb/decode (0.3.9011)
  - nanopb/encode (0.3.9011)
  - NVActivityIndicatorView (4.8.0):
    - NVActivityIndicatorView/Presenter (= 4.8.0)
  - NVActivityIndicatorView/Presenter (4.8.0)
  - PromisesObjC (1.2.8)
  - Protobuf (3.11.4)
  - Realm (3.18.0):
    - Realm/Headers (= 3.18.0)
  - Realm/Headers (3.18.0)
  - RealmSwift (3.18.0):
    - Realm (= 3.18.0)
  - RevealingSplashView (0.6.0)
  - SDWebImage (5.6.1):
    - SDWebImage/Core (= 5.6.1)
  - SDWebImage/Core (5.6.1)
  - TableViewReloadAnimation (0.0.5)
  - TextFieldEffects (1.6.0)
  - YNExpandableCell (1.2.1)

DEPENDENCIES:
  - Alamofire
  - AlamofireImage
  - Charts
  - ChartsRealm
  - DateTimePicker
  - ExpandableCell
  - Firebase/Core
  - Firebase/Messaging
  - FSCalendar
  - Hero
  - IQKeyboardManagerSwift
  - JGProgressHUD
  - NVActivityIndicatorView
  - RevealingSplashView
  - SDWebImage
  - TableViewReloadAnimation
  - TextFieldEffects
  - YNExpandableCell

SPEC REPOS:
  trunk:
    - Alamofire
    - AlamofireImage
    - Charts
    - ChartsRealm
    - DateTimePicker
    - ExpandableCell
    - Firebase
    - FirebaseAnalytics
    - FirebaseAnalyticsInterop
    - FirebaseCore
    - FirebaseCoreDiagnostics
    - FirebaseCoreDiagnosticsInterop
    - FirebaseInstallations
    - FirebaseInstanceID
    - FirebaseMessaging
    - FSCalendar
    - GoogleAppMeasurement
    - GoogleDataTransport
    - GoogleDataTransportCCTSupport
    - GoogleUtilities
    - Hero
    - IQKeyboardManagerSwift
    - JGProgressHUD
    - nanopb
    - NVActivityIndicatorView
    - PromisesObjC
    - Protobuf
    - Realm
    - RealmSwift
    - RevealingSplashView
    - SDWebImage
    - TableViewReloadAnimation
    - TextFieldEffects
    - YNExpandableCell

SPEC CHECKSUMS:
  Alamofire: df2f8f826963b08b9a870791ad48e07a10090b2e
  AlamofireImage: 3d1a2010519e58675318735580eb856e88840ff7
  Charts: 74c9f256eaf0460c0c416522d1cf8c634ea6b286
  ChartsRealm: 2ae8bf478211a94b3b6dd20738db0b9b132eb66b
  DateTimePicker: 997176ea28954f3c18817b9565a53b28ee4400b8
  ExpandableCell: 69ca7d71971c171473a7a30964d2127f4c6ceaf6
  Firebase: f378c80340dd41c0ad0914af740c021eb282a04b
  FirebaseAnalytics: a1a0b3327ceb5cd5b4bacffdb293f6c909aa087d
  FirebaseAnalyticsInterop: 3f86269c38ae41f47afeb43ebf32a001f58fcdae
  FirebaseCore: 9f495d3afacb7b558711e6218ebb14b1c51b5802
  FirebaseCoreDiagnostics: b59c024493a409f8aecba02c99928d0d8431d159
  FirebaseCoreDiagnosticsInterop: 296e2c5f5314500a850ad0b83e9e7c10b011a850
  FirebaseInstallations: acb3216eb9784d3b1d2d2d635ff74fa892cc0c44
  FirebaseInstanceID: 7ee0d6777013bb952f377b41965bf132b6a075be
  FirebaseMessaging: 4ec33842d36b3319e062e51fb8b35a74f726950d
  FSCalendar: 5245140456fcbcac5824c203b98bd8068bdfee1a
  GoogleAppMeasurement: 6e68a94d0eaeb1d73ef6b0ed4f7334e29d63ae29
  GoogleDataTransport: 061fe7d9b476710e3cd8ea51e8e07d8b67c2b420
  GoogleDataTransportCCTSupport: 0f39025e8cf51f168711bd3fb773938d7e62ddb5
  GoogleUtilities: ad0f3b691c67909d03a3327cc205222ab8f42e0e
  Hero: b7385b75e7259da62f4f85462f59a5082d66b058
  IQKeyboardManagerSwift: 0fb93310284665245591f50f7a5e38de615960b7
  JGProgressHUD: aa403e9a5b45cae98903c4600cccdd98c0c3ec90
  nanopb: 18003b5e52dab79db540fe93fe9579f399bd1ccd
  NVActivityIndicatorView: d24b7ebcf80af5dcd994adb650e2b6c93379270f
  PromisesObjC: c119f3cd559f50b7ae681fa59dc1acd19173b7e6
  Protobuf: 176220c526ad8bd09ab1fb40a978eac3fef665f7
  Realm: 7b3d04740facf45e958a514b466a32b04f1113d6
  RealmSwift: c817b5f374668cf08f649afb05f55d92a787649c
  RevealingSplashView: 40c5a770894459736acdc95655eeba0dd30ce91c
  SDWebImage: 7edb9c3ea661e77a66661f7f044de8c1b55d1120
  TableViewReloadAnimation: f3a4c4048efbc56331be98075f26a2e533a14c16
  TextFieldEffects: 529b8aff706fb40f82c41c780c0777941a893796
  YNExpandableCell: f71457eddc5f2d607de5a2aef545325b0b7622e4

PODFILE CHECKSUM: ea250dc6a12d3bba846ed32056f405709a95722e

COCOAPODS: 1.9.1
