// !$*UTF8*$!
{
	archiveVersion = 1;
	classes = {
	};
	objectVersion = 51;
	objects = {

/* Begin PBXBuildFile section */
		1118C3AC4715FF4AD8C27523 /* Pods_alinaNutrisport.framework in Frameworks */ = {isa = PBXBuildFile; fileRef = 33BBF215C661F8070C933008 /* Pods_alinaNutrisport.framework */; };
		9D23A7B1250B336400218C24 /* todayDietPopUpViewController.swift in Sources */ = {isa = PBXBuildFile; fileRef = 9D23A7AF250B336400218C24 /* todayDietPopUpViewController.swift */; };
		9D23A7B2250B336400218C24 /* todayDietPopUpViewController.xib in Resources */ = {isa = PBXBuildFile; fileRef = 9D23A7B0250B336400218C24 /* todayDietPopUpViewController.xib */; };
		9D23A7B5250B48DF00218C24 /* todaysMenuTableViewCell.swift in Sources */ = {isa = PBXBuildFile; fileRef = 9D23A7B3250B48DF00218C24 /* todaysMenuTableViewCell.swift */; };
		9D23A7B6250B48DF00218C24 /* todaysMenuTableViewCell.xib in Resources */ = {isa = PBXBuildFile; fileRef = 9D23A7B4250B48DF00218C24 /* todaysMenuTableViewCell.xib */; };
		9D23A7BD250C781C00218C24 /* anotherProfileViewController.swift in Sources */ = {isa = PBXBuildFile; fileRef = 9D23A7BB250C781C00218C24 /* anotherProfileViewController.swift */; };
		9D23A7BE250C781C00218C24 /* anotherProfileViewController.xib in Resources */ = {isa = PBXBuildFile; fileRef = 9D23A7BC250C781C00218C24 /* anotherProfileViewController.xib */; };
		9D23A7C5250DC11700218C24 /* tracking.storyboard in Resources */ = {isa = PBXBuildFile; fileRef = 9D23A7C4250DC11700218C24 /* tracking.storyboard */; };
		9D23A7C7250DCC9D00218C24 /* trackingViewController.swift in Sources */ = {isa = PBXBuildFile; fileRef = 9D23A7C6250DCC9D00218C24 /* trackingViewController.swift */; };
		9D23A7C9250DD3B600218C24 /* dailyTrackingViewController.swift in Sources */ = {isa = PBXBuildFile; fileRef = 9D23A7C8250DD3B600218C24 /* dailyTrackingViewController.swift */; };
		9D23A7CC250DD74E00218C24 /* dailyInfoTableViewCell.swift in Sources */ = {isa = PBXBuildFile; fileRef = 9D23A7CA250DD74E00218C24 /* dailyInfoTableViewCell.swift */; };
		9D23A7CD250DD74E00218C24 /* dailyInfoTableViewCell.xib in Resources */ = {isa = PBXBuildFile; fileRef = 9D23A7CB250DD74E00218C24 /* dailyInfoTableViewCell.xib */; };
		9D2F8EFF253628E7001790A9 /* trackingsTableViewCell.swift in Sources */ = {isa = PBXBuildFile; fileRef = 9D2F8EFD253628E7001790A9 /* trackingsTableViewCell.swift */; };
		9D2F8F00253628E7001790A9 /* trackingsTableViewCell.xib in Resources */ = {isa = PBXBuildFile; fileRef = 9D2F8EFE253628E7001790A9 /* trackingsTableViewCell.xib */; };
		9D2F8F0525367D6E001790A9 /* trackingDetailViewController.swift in Sources */ = {isa = PBXBuildFile; fileRef = 9D2F8F0325367D6E001790A9 /* trackingDetailViewController.swift */; };
		9D2F8F0625367D6E001790A9 /* trackingDetailViewController.xib in Resources */ = {isa = PBXBuildFile; fileRef = 9D2F8F0425367D6E001790A9 /* trackingDetailViewController.xib */; };
		9D2F8F09253690FC001790A9 /* newTrackingInfo.swift in Sources */ = {isa = PBXBuildFile; fileRef = 9D2F8F08253690FC001790A9 /* newTrackingInfo.swift */; };
		9D3392EA2510F698000BC69C /* measurements2.swift in Sources */ = {isa = PBXBuildFile; fileRef = 9D3392E92510F698000BC69C /* measurements2.swift */; };
		9D498C7024B2DC5D00ADF7F2 /* profileViewController.swift in Sources */ = {isa = PBXBuildFile; fileRef = 9D498C6F24B2DC5D00ADF7F2 /* profileViewController.swift */; };
		9DBD90E52453483E00191361 /* recoverViewController.swift in Sources */ = {isa = PBXBuildFile; fileRef = 9DBD90E42453483E00191361 /* recoverViewController.swift */; };
		9DC0956F2458EC1200ED6B59 /* Recover.swift in Sources */ = {isa = PBXBuildFile; fileRef = 9DC0956E2458EC1200ED6B59 /* Recover.swift */; };
		9DC095712458ED1C00ED6B59 /* baseURL.swift in Sources */ = {isa = PBXBuildFile; fileRef = 9DC095702458ED1C00ED6B59 /* baseURL.swift */; };
		9DC095732459312800ED6B59 /* Login.swift in Sources */ = {isa = PBXBuildFile; fileRef = 9DC095722459312800ED6B59 /* Login.swift */; };
		9DC948662432928100D65573 /* loginViewController.swift in Sources */ = {isa = PBXBuildFile; fileRef = 9DC948652432928100D65573 /* loginViewController.swift */; };
		9DC948692432996000D65573 /* Extensions.swift in Sources */ = {isa = PBXBuildFile; fileRef = 9DC948682432996000D65573 /* Extensions.swift */; };
		9DC9486C2432E53300D65573 /* mainViewController.swift in Sources */ = {isa = PBXBuildFile; fileRef = 9DC9486B2432E53300D65573 /* mainViewController.swift */; };
		9DDC26E02435C1B1002FAC0D /* sectionsCollectionViewCell.swift in Sources */ = {isa = PBXBuildFile; fileRef = 9DDC26DE2435C1B1002FAC0D /* sectionsCollectionViewCell.swift */; };
		9DDC26E12435C1B1002FAC0D /* sectionsCollectionViewCell.xib in Resources */ = {isa = PBXBuildFile; fileRef = 9DDC26DF2435C1B1002FAC0D /* sectionsCollectionViewCell.xib */; };
		9DE4A44B253A27E100ED3CE0 /* weekMenuViewController.swift in Sources */ = {isa = PBXBuildFile; fileRef = 9DE4A44A253A27E100ED3CE0 /* weekMenuViewController.swift */; };
		CF0A403924B4E108008F583B /* dietsViewController.swift in Sources */ = {isa = PBXBuildFile; fileRef = CF0A403824B4E108008F583B /* dietsViewController.swift */; };
		CF0A404024B4E27F008F583B /* dietsCollectionViewCell.swift in Sources */ = {isa = PBXBuildFile; fileRef = CF0A403E24B4E27F008F583B /* dietsCollectionViewCell.swift */; };
		CF0A404124B4E27F008F583B /* dietsCollectionViewCell.xib in Resources */ = {isa = PBXBuildFile; fileRef = CF0A403F24B4E27F008F583B /* dietsCollectionViewCell.xib */; };
		CF0A404324B4EBB5008F583B /* settingsViewController.swift in Sources */ = {isa = PBXBuildFile; fileRef = CF0A404224B4EBB5008F583B /* settingsViewController.swift */; };
		CF0A404524B4F7E0008F583B /* datesViewController.swift in Sources */ = {isa = PBXBuildFile; fileRef = CF0A404424B4F7E0008F583B /* datesViewController.swift */; };
		CF0A404824B4FBB0008F583B /* datesTableViewCell.swift in Sources */ = {isa = PBXBuildFile; fileRef = CF0A404624B4FBB0008F583B /* datesTableViewCell.swift */; };
		CF0A404924B4FBB0008F583B /* datesTableViewCell.xib in Resources */ = {isa = PBXBuildFile; fileRef = CF0A404724B4FBB0008F583B /* datesTableViewCell.xib */; };
		CF0A404C24B506B6008F583B /* documentosViewController.swift in Sources */ = {isa = PBXBuildFile; fileRef = CF0A404B24B506B6008F583B /* documentosViewController.swift */; };
		CF0A404E24B50A2E008F583B /* documentosGenericosViewController.swift in Sources */ = {isa = PBXBuildFile; fileRef = CF0A404D24B50A2E008F583B /* documentosGenericosViewController.swift */; };
		CF0A405024B50A3C008F583B /* documentosPersonalesViewController.swift in Sources */ = {isa = PBXBuildFile; fileRef = CF0A404F24B50A3C008F583B /* documentosPersonalesViewController.swift */; };
		CF0A405324B50A5C008F583B /* genericosTableViewCell.swift in Sources */ = {isa = PBXBuildFile; fileRef = CF0A405124B50A5C008F583B /* genericosTableViewCell.swift */; };
		CF0A405424B50A5C008F583B /* genericosTableViewCell.xib in Resources */ = {isa = PBXBuildFile; fileRef = CF0A405224B50A5C008F583B /* genericosTableViewCell.xib */; };
		CF0A405724B50A6D008F583B /* personalesTableViewCell.swift in Sources */ = {isa = PBXBuildFile; fileRef = CF0A405524B50A6D008F583B /* personalesTableViewCell.swift */; };
		CF0A405824B50A6D008F583B /* personalesTableViewCell.xib in Resources */ = {isa = PBXBuildFile; fileRef = CF0A405624B50A6D008F583B /* personalesTableViewCell.xib */; };
		CF24BF1624D0BE90002F4B13 /* WebKit.framework in Frameworks */ = {isa = PBXBuildFile; fileRef = CF24BF1524D0BE90002F4B13 /* WebKit.framework */; };
		CF24BF1924D0D786002F4B13 /* profileViewSwitcher.swift in Sources */ = {isa = PBXBuildFile; fileRef = CF24BF1824D0D786002F4B13 /* profileViewSwitcher.swift */; };
		CF24BF1B24D0DB7C002F4B13 /* profileData.swift in Sources */ = {isa = PBXBuildFile; fileRef = CF24BF1A24D0DB7C002F4B13 /* profileData.swift */; };
		CF24BF1D24D0E480002F4B13 /* statisticsData.swift in Sources */ = {isa = PBXBuildFile; fileRef = CF24BF1C24D0E480002F4B13 /* statisticsData.swift */; };
		CF24BF1F24D0ECF5002F4B13 /* newInfoData.swift in Sources */ = {isa = PBXBuildFile; fileRef = CF24BF1E24D0ECF5002F4B13 /* newInfoData.swift */; };
		CF56A49B24BF852A0060D86A /* Measurements.swift in Sources */ = {isa = PBXBuildFile; fileRef = CF56A49A24BF852A0060D86A /* Measurements.swift */; };
		CF88052E24B8DE87001DD622 /* profileInfo.swift in Sources */ = {isa = PBXBuildFile; fileRef = CF88052D24B8DE87001DD622 /* profileInfo.swift */; };
		CF88053024B8E66B001DD622 /* updatedProfile.swift in Sources */ = {isa = PBXBuildFile; fileRef = CF88052F24B8E66B001DD622 /* updatedProfile.swift */; };
		CFA22AA92422850E0036DB71 /* AppDelegate.swift in Sources */ = {isa = PBXBuildFile; fileRef = CFA22AA82422850E0036DB71 /* AppDelegate.swift */; };
		CFA22AB02422850E0036DB71 /* Main.storyboard in Resources */ = {isa = PBXBuildFile; fileRef = CFA22AAE2422850E0036DB71 /* Main.storyboard */; };
		CFA22AB2242285110036DB71 /* Assets.xcassets in Resources */ = {isa = PBXBuildFile; fileRef = CFA22AB1242285110036DB71 /* Assets.xcassets */; };
		CFA22AB5242285110036DB71 /* LaunchScreen.storyboard in Resources */ = {isa = PBXBuildFile; fileRef = CFA22AB3242285110036DB71 /* LaunchScreen.storyboard */; };
		CFA2A9A524BD107800218C55 /* webViewViewController.swift in Sources */ = {isa = PBXBuildFile; fileRef = CFA2A9A324BD107800218C55 /* webViewViewController.swift */; };
		CFA2A9A624BD107900218C55 /* webViewViewController.xib in Resources */ = {isa = PBXBuildFile; fileRef = CFA2A9A424BD107800218C55 /* webViewViewController.xib */; };
		CFA2A9A924BD1A3600218C55 /* chatViewController.swift in Sources */ = {isa = PBXBuildFile; fileRef = CFA2A9A824BD1A3600218C55 /* chatViewController.swift */; };
		CFA2A9AC24BD1D4C00218C55 /* messageTableViewCell.swift in Sources */ = {isa = PBXBuildFile; fileRef = CFA2A9AA24BD1D4C00218C55 /* messageTableViewCell.swift */; };
		CFA2A9AD24BD1D4C00218C55 /* messageTableViewCell.xib in Resources */ = {isa = PBXBuildFile; fileRef = CFA2A9AB24BD1D4C00218C55 /* messageTableViewCell.xib */; };
		CFA39F5124BE51B500626A6B /* profleOtherViewController.swift in Sources */ = {isa = PBXBuildFile; fileRef = CFA39F5024BE51B500626A6B /* profleOtherViewController.swift */; };
		CFA6CE0624CA3F9E0047E870 /* chartsInfo.swift in Sources */ = {isa = PBXBuildFile; fileRef = CFA6CE0524CA3F9E0047E870 /* chartsInfo.swift */; };
/* End PBXBuildFile section */

/* Begin PBXFileReference section */
		0061E9C3B53F359BF2496BDB /* Pods-alinaNutrisport.debug.xcconfig */ = {isa = PBXFileReference; includeInIndex = 1; lastKnownFileType = text.xcconfig; name = "Pods-alinaNutrisport.debug.xcconfig"; path = "Target Support Files/Pods-alinaNutrisport/Pods-alinaNutrisport.debug.xcconfig"; sourceTree = "<group>"; };
		17AF5EC5AF55D858B5354287 /* Pods-alinaNutrisport.release.xcconfig */ = {isa = PBXFileReference; includeInIndex = 1; lastKnownFileType = text.xcconfig; name = "Pods-alinaNutrisport.release.xcconfig"; path = "Target Support Files/Pods-alinaNutrisport/Pods-alinaNutrisport.release.xcconfig"; sourceTree = "<group>"; };
		33BBF215C661F8070C933008 /* Pods_alinaNutrisport.framework */ = {isa = PBXFileReference; explicitFileType = wrapper.framework; includeInIndex = 0; path = Pods_alinaNutrisport.framework; sourceTree = BUILT_PRODUCTS_DIR; };
		9D23A7AF250B336400218C24 /* todayDietPopUpViewController.swift */ = {isa = PBXFileReference; lastKnownFileType = sourcecode.swift; path = todayDietPopUpViewController.swift; sourceTree = "<group>"; };
		9D23A7B0250B336400218C24 /* todayDietPopUpViewController.xib */ = {isa = PBXFileReference; lastKnownFileType = file.xib; path = todayDietPopUpViewController.xib; sourceTree = "<group>"; };
		9D23A7B3250B48DF00218C24 /* todaysMenuTableViewCell.swift */ = {isa = PBXFileReference; lastKnownFileType = sourcecode.swift; path = todaysMenuTableViewCell.swift; sourceTree = "<group>"; };
		9D23A7B4250B48DF00218C24 /* todaysMenuTableViewCell.xib */ = {isa = PBXFileReference; lastKnownFileType = file.xib; path = todaysMenuTableViewCell.xib; sourceTree = "<group>"; };
		9D23A7BB250C781C00218C24 /* anotherProfileViewController.swift */ = {isa = PBXFileReference; lastKnownFileType = sourcecode.swift; path = anotherProfileViewController.swift; sourceTree = "<group>"; };
		9D23A7BC250C781C00218C24 /* anotherProfileViewController.xib */ = {isa = PBXFileReference; lastKnownFileType = file.xib; path = anotherProfileViewController.xib; sourceTree = "<group>"; };
		9D23A7C4250DC11700218C24 /* tracking.storyboard */ = {isa = PBXFileReference; lastKnownFileType = file.storyboard; path = tracking.storyboard; sourceTree = "<group>"; };
		9D23A7C6250DCC9D00218C24 /* trackingViewController.swift */ = {isa = PBXFileReference; lastKnownFileType = sourcecode.swift; path = trackingViewController.swift; sourceTree = "<group>"; };
		9D23A7C8250DD3B600218C24 /* dailyTrackingViewController.swift */ = {isa = PBXFileReference; lastKnownFileType = sourcecode.swift; path = dailyTrackingViewController.swift; sourceTree = "<group>"; };
		9D23A7CA250DD74E00218C24 /* dailyInfoTableViewCell.swift */ = {isa = PBXFileReference; lastKnownFileType = sourcecode.swift; path = dailyInfoTableViewCell.swift; sourceTree = "<group>"; };
		9D23A7CB250DD74E00218C24 /* dailyInfoTableViewCell.xib */ = {isa = PBXFileReference; lastKnownFileType = file.xib; path = dailyInfoTableViewCell.xib; sourceTree = "<group>"; };
		9D2F8EFD253628E7001790A9 /* trackingsTableViewCell.swift */ = {isa = PBXFileReference; lastKnownFileType = sourcecode.swift; path = trackingsTableViewCell.swift; sourceTree = "<group>"; };
		9D2F8EFE253628E7001790A9 /* trackingsTableViewCell.xib */ = {isa = PBXFileReference; lastKnownFileType = file.xib; path = trackingsTableViewCell.xib; sourceTree = "<group>"; };
		9D2F8F0325367D6E001790A9 /* trackingDetailViewController.swift */ = {isa = PBXFileReference; lastKnownFileType = sourcecode.swift; path = trackingDetailViewController.swift; sourceTree = "<group>"; };
		9D2F8F0425367D6E001790A9 /* trackingDetailViewController.xib */ = {isa = PBXFileReference; lastKnownFileType = file.xib; path = trackingDetailViewController.xib; sourceTree = "<group>"; };
		9D2F8F08253690FC001790A9 /* newTrackingInfo.swift */ = {isa = PBXFileReference; lastKnownFileType = sourcecode.swift; path = newTrackingInfo.swift; sourceTree = "<group>"; };
		9D3392E92510F698000BC69C /* measurements2.swift */ = {isa = PBXFileReference; lastKnownFileType = sourcecode.swift; path = measurements2.swift; sourceTree = "<group>"; };
		9D498C6F24B2DC5D00ADF7F2 /* profileViewController.swift */ = {isa = PBXFileReference; lastKnownFileType = sourcecode.swift; path = profileViewController.swift; sourceTree = "<group>"; };
		9DBD90E42453483E00191361 /* recoverViewController.swift */ = {isa = PBXFileReference; lastKnownFileType = sourcecode.swift; path = recoverViewController.swift; sourceTree = "<group>"; };
		9DC0956E2458EC1200ED6B59 /* Recover.swift */ = {isa = PBXFileReference; lastKnownFileType = sourcecode.swift; path = Recover.swift; sourceTree = "<group>"; };
		9DC095702458ED1C00ED6B59 /* baseURL.swift */ = {isa = PBXFileReference; lastKnownFileType = sourcecode.swift; path = baseURL.swift; sourceTree = "<group>"; };
		9DC095722459312800ED6B59 /* Login.swift */ = {isa = PBXFileReference; lastKnownFileType = sourcecode.swift; path = Login.swift; sourceTree = "<group>"; };
		9DC948652432928100D65573 /* loginViewController.swift */ = {isa = PBXFileReference; lastKnownFileType = sourcecode.swift; path = loginViewController.swift; sourceTree = "<group>"; };
		9DC948682432996000D65573 /* Extensions.swift */ = {isa = PBXFileReference; lastKnownFileType = sourcecode.swift; path = Extensions.swift; sourceTree = "<group>"; };
		9DC9486B2432E53300D65573 /* mainViewController.swift */ = {isa = PBXFileReference; lastKnownFileType = sourcecode.swift; path = mainViewController.swift; sourceTree = "<group>"; };
		9DDC26DE2435C1B1002FAC0D /* sectionsCollectionViewCell.swift */ = {isa = PBXFileReference; lastKnownFileType = sourcecode.swift; path = sectionsCollectionViewCell.swift; sourceTree = "<group>"; };
		9DDC26DF2435C1B1002FAC0D /* sectionsCollectionViewCell.xib */ = {isa = PBXFileReference; lastKnownFileType = file.xib; path = sectionsCollectionViewCell.xib; sourceTree = "<group>"; };
		9DE4A44A253A27E100ED3CE0 /* weekMenuViewController.swift */ = {isa = PBXFileReference; lastKnownFileType = sourcecode.swift; path = weekMenuViewController.swift; sourceTree = "<group>"; };
		CF0A403824B4E108008F583B /* dietsViewController.swift */ = {isa = PBXFileReference; lastKnownFileType = sourcecode.swift; path = dietsViewController.swift; sourceTree = "<group>"; };
		CF0A403E24B4E27F008F583B /* dietsCollectionViewCell.swift */ = {isa = PBXFileReference; lastKnownFileType = sourcecode.swift; path = dietsCollectionViewCell.swift; sourceTree = "<group>"; };
		CF0A403F24B4E27F008F583B /* dietsCollectionViewCell.xib */ = {isa = PBXFileReference; lastKnownFileType = file.xib; path = dietsCollectionViewCell.xib; sourceTree = "<group>"; };
		CF0A404224B4EBB5008F583B /* settingsViewController.swift */ = {isa = PBXFileReference; lastKnownFileType = sourcecode.swift; path = settingsViewController.swift; sourceTree = "<group>"; };
		CF0A404424B4F7E0008F583B /* datesViewController.swift */ = {isa = PBXFileReference; lastKnownFileType = sourcecode.swift; path = datesViewController.swift; sourceTree = "<group>"; };
		CF0A404624B4FBB0008F583B /* datesTableViewCell.swift */ = {isa = PBXFileReference; lastKnownFileType = sourcecode.swift; path = datesTableViewCell.swift; sourceTree = "<group>"; };
		CF0A404724B4FBB0008F583B /* datesTableViewCell.xib */ = {isa = PBXFileReference; lastKnownFileType = file.xib; path = datesTableViewCell.xib; sourceTree = "<group>"; };
		CF0A404B24B506B6008F583B /* documentosViewController.swift */ = {isa = PBXFileReference; lastKnownFileType = sourcecode.swift; path = documentosViewController.swift; sourceTree = "<group>"; };
		CF0A404D24B50A2E008F583B /* documentosGenericosViewController.swift */ = {isa = PBXFileReference; lastKnownFileType = sourcecode.swift; path = documentosGenericosViewController.swift; sourceTree = "<group>"; };
		CF0A404F24B50A3C008F583B /* documentosPersonalesViewController.swift */ = {isa = PBXFileReference; lastKnownFileType = sourcecode.swift; path = documentosPersonalesViewController.swift; sourceTree = "<group>"; };
		CF0A405124B50A5C008F583B /* genericosTableViewCell.swift */ = {isa = PBXFileReference; lastKnownFileType = sourcecode.swift; path = genericosTableViewCell.swift; sourceTree = "<group>"; };
		CF0A405224B50A5C008F583B /* genericosTableViewCell.xib */ = {isa = PBXFileReference; lastKnownFileType = file.xib; path = genericosTableViewCell.xib; sourceTree = "<group>"; };
		CF0A405524B50A6D008F583B /* personalesTableViewCell.swift */ = {isa = PBXFileReference; lastKnownFileType = sourcecode.swift; path = personalesTableViewCell.swift; sourceTree = "<group>"; };
		CF0A405624B50A6D008F583B /* personalesTableViewCell.xib */ = {isa = PBXFileReference; lastKnownFileType = file.xib; path = personalesTableViewCell.xib; sourceTree = "<group>"; };
		CF24BF1524D0BE90002F4B13 /* WebKit.framework */ = {isa = PBXFileReference; lastKnownFileType = wrapper.framework; name = WebKit.framework; path = System/Library/Frameworks/WebKit.framework; sourceTree = SDKROOT; };
		CF24BF1824D0D786002F4B13 /* profileViewSwitcher.swift */ = {isa = PBXFileReference; lastKnownFileType = sourcecode.swift; path = profileViewSwitcher.swift; sourceTree = "<group>"; };
		CF24BF1A24D0DB7C002F4B13 /* profileData.swift */ = {isa = PBXFileReference; lastKnownFileType = sourcecode.swift; path = profileData.swift; sourceTree = "<group>"; };
		CF24BF1C24D0E480002F4B13 /* statisticsData.swift */ = {isa = PBXFileReference; lastKnownFileType = sourcecode.swift; path = statisticsData.swift; sourceTree = "<group>"; };
		CF24BF1E24D0ECF5002F4B13 /* newInfoData.swift */ = {isa = PBXFileReference; lastKnownFileType = sourcecode.swift; path = newInfoData.swift; sourceTree = "<group>"; };
		CF56A49A24BF852A0060D86A /* Measurements.swift */ = {isa = PBXFileReference; lastKnownFileType = sourcecode.swift; path = Measurements.swift; sourceTree = "<group>"; };
		CF88052D24B8DE87001DD622 /* profileInfo.swift */ = {isa = PBXFileReference; lastKnownFileType = sourcecode.swift; path = profileInfo.swift; sourceTree = "<group>"; };
		CF88052F24B8E66B001DD622 /* updatedProfile.swift */ = {isa = PBXFileReference; lastKnownFileType = sourcecode.swift; path = updatedProfile.swift; sourceTree = "<group>"; };
		CFA22AA52422850E0036DB71 /* alinaNutrisport.app */ = {isa = PBXFileReference; explicitFileType = wrapper.application; includeInIndex = 0; path = alinaNutrisport.app; sourceTree = BUILT_PRODUCTS_DIR; };
		CFA22AA82422850E0036DB71 /* AppDelegate.swift */ = {isa = PBXFileReference; lastKnownFileType = sourcecode.swift; path = AppDelegate.swift; sourceTree = "<group>"; };
		CFA22AAF2422850E0036DB71 /* Base */ = {isa = PBXFileReference; lastKnownFileType = file.storyboard; name = Base; path = Base.lproj/Main.storyboard; sourceTree = "<group>"; };
		CFA22AB1242285110036DB71 /* Assets.xcassets */ = {isa = PBXFileReference; lastKnownFileType = folder.assetcatalog; path = Assets.xcassets; sourceTree = "<group>"; };
		CFA22AB4242285110036DB71 /* Base */ = {isa = PBXFileReference; lastKnownFileType = file.storyboard; name = Base; path = Base.lproj/LaunchScreen.storyboard; sourceTree = "<group>"; };
		CFA22AB6242285110036DB71 /* Info.plist */ = {isa = PBXFileReference; lastKnownFileType = text.plist.xml; path = Info.plist; sourceTree = "<group>"; };
		CFA2A9A324BD107800218C55 /* webViewViewController.swift */ = {isa = PBXFileReference; lastKnownFileType = sourcecode.swift; path = webViewViewController.swift; sourceTree = "<group>"; };
		CFA2A9A424BD107800218C55 /* webViewViewController.xib */ = {isa = PBXFileReference; lastKnownFileType = file.xib; path = webViewViewController.xib; sourceTree = "<group>"; };
		CFA2A9A824BD1A3600218C55 /* chatViewController.swift */ = {isa = PBXFileReference; lastKnownFileType = sourcecode.swift; path = chatViewController.swift; sourceTree = "<group>"; };
		CFA2A9AA24BD1D4C00218C55 /* messageTableViewCell.swift */ = {isa = PBXFileReference; lastKnownFileType = sourcecode.swift; path = messageTableViewCell.swift; sourceTree = "<group>"; };
		CFA2A9AB24BD1D4C00218C55 /* messageTableViewCell.xib */ = {isa = PBXFileReference; lastKnownFileType = file.xib; path = messageTableViewCell.xib; sourceTree = "<group>"; };
		CFA39F5024BE51B500626A6B /* profleOtherViewController.swift */ = {isa = PBXFileReference; lastKnownFileType = sourcecode.swift; path = profleOtherViewController.swift; sourceTree = "<group>"; };
		CFA6CE0524CA3F9E0047E870 /* chartsInfo.swift */ = {isa = PBXFileReference; lastKnownFileType = sourcecode.swift; path = chartsInfo.swift; sourceTree = "<group>"; };
/* End PBXFileReference section */

/* Begin PBXFrameworksBuildPhase section */
		CFA22AA22422850E0036DB71 /* Frameworks */ = {
			isa = PBXFrameworksBuildPhase;
			buildActionMask = 2147483647;
			files = (
				CF24BF1624D0BE90002F4B13 /* WebKit.framework in Frameworks */,
				1118C3AC4715FF4AD8C27523 /* Pods_alinaNutrisport.framework in Frameworks */,
			);
			runOnlyForDeploymentPostprocessing = 0;
		};
/* End PBXFrameworksBuildPhase section */

/* Begin PBXGroup section */
		71B1E6CFE821DD10ABAC5AEB /* Frameworks */ = {
			isa = PBXGroup;
			children = (
				CF24BF1524D0BE90002F4B13 /* WebKit.framework */,
				33BBF215C661F8070C933008 /* Pods_alinaNutrisport.framework */,
			);
			name = Frameworks;
			sourceTree = "<group>";
		};
		9D23A7AD250B32B500218C24 /* Diets */ = {
			isa = PBXGroup;
			children = (
				9D23A7AE250B333B00218C24 /* Today Pop Up */,
				CF0A403824B4E108008F583B /* dietsViewController.swift */,
				CF0A403E24B4E27F008F583B /* dietsCollectionViewCell.swift */,
				CF0A403F24B4E27F008F583B /* dietsCollectionViewCell.xib */,
			);
			path = Diets;
			sourceTree = "<group>";
		};
		9D23A7AE250B333B00218C24 /* Today Pop Up */ = {
			isa = PBXGroup;
			children = (
				9D23A7B3250B48DF00218C24 /* todaysMenuTableViewCell.swift */,
				9D23A7B4250B48DF00218C24 /* todaysMenuTableViewCell.xib */,
				9D23A7AF250B336400218C24 /* todayDietPopUpViewController.swift */,
				9D23A7B0250B336400218C24 /* todayDietPopUpViewController.xib */,
			);
			path = "Today Pop Up";
			sourceTree = "<group>";
		};
		9D23A7BF250DAA0400218C24 /* Nutrition Tracking */ = {
			isa = PBXGroup;
			children = (
				9D23A7C4250DC11700218C24 /* tracking.storyboard */,
				9D23A7C6250DCC9D00218C24 /* trackingViewController.swift */,
				9D23A7C8250DD3B600218C24 /* dailyTrackingViewController.swift */,
				9D23A7CA250DD74E00218C24 /* dailyInfoTableViewCell.swift */,
				9D23A7CB250DD74E00218C24 /* dailyInfoTableViewCell.xib */,
				9DE4A44A253A27E100ED3CE0 /* weekMenuViewController.swift */,
			);
			path = "Nutrition Tracking";
			sourceTree = "<group>";
		};
		9D498C6E24B2DC3800ADF7F2 /* profileViewController */ = {
			isa = PBXGroup;
			children = (
				CF24BF1724D0D74F002F4B13 /* newProfile */,
				9D498C6F24B2DC5D00ADF7F2 /* profileViewController.swift */,
				CF0A404224B4EBB5008F583B /* settingsViewController.swift */,
				CF0A404424B4F7E0008F583B /* datesViewController.swift */,
				CF0A404624B4FBB0008F583B /* datesTableViewCell.swift */,
				CF0A404724B4FBB0008F583B /* datesTableViewCell.xib */,
				CFA39F5024BE51B500626A6B /* profleOtherViewController.swift */,
				9D23A7BB250C781C00218C24 /* anotherProfileViewController.swift */,
				9D23A7BC250C781C00218C24 /* anotherProfileViewController.xib */,
			);
			path = profileViewController;
			sourceTree = "<group>";
		};
		9DC0956D2458EBFE00ED6B59 /* Models */ = {
			isa = PBXGroup;
			children = (
				9DC0956E2458EC1200ED6B59 /* Recover.swift */,
				9DC095722459312800ED6B59 /* Login.swift */,
				CF88052D24B8DE87001DD622 /* profileInfo.swift */,
				CF88052F24B8E66B001DD622 /* updatedProfile.swift */,
				CF56A49A24BF852A0060D86A /* Measurements.swift */,
				CFA6CE0524CA3F9E0047E870 /* chartsInfo.swift */,
				9D3392E92510F698000BC69C /* measurements2.swift */,
				9D2F8F08253690FC001790A9 /* newTrackingInfo.swift */,
			);
			path = Models;
			sourceTree = "<group>";
		};
		9DC948642432925400D65573 /* Login */ = {
			isa = PBXGroup;
			children = (
				9DC948652432928100D65573 /* loginViewController.swift */,
				9DBD90E42453483E00191361 /* recoverViewController.swift */,
			);
			path = Login;
			sourceTree = "<group>";
		};
		9DC948672432993B00D65573 /* Misc */ = {
			isa = PBXGroup;
			children = (
				CFA2A9A324BD107800218C55 /* webViewViewController.swift */,
				CFA2A9A424BD107800218C55 /* webViewViewController.xib */,
				9DC948682432996000D65573 /* Extensions.swift */,
				9DC095702458ED1C00ED6B59 /* baseURL.swift */,
			);
			path = Misc;
			sourceTree = "<group>";
		};
		9DC9486A2432E08C00D65573 /* Main */ = {
			isa = PBXGroup;
			children = (
				9DC9486B2432E53300D65573 /* mainViewController.swift */,
				9DDC26DE2435C1B1002FAC0D /* sectionsCollectionViewCell.swift */,
				9DDC26DF2435C1B1002FAC0D /* sectionsCollectionViewCell.xib */,
			);
			path = Main;
			sourceTree = "<group>";
		};
		B58967FC3F7F1D5D90362EDE /* Pods */ = {
			isa = PBXGroup;
			children = (
				0061E9C3B53F359BF2496BDB /* Pods-alinaNutrisport.debug.xcconfig */,
				17AF5EC5AF55D858B5354287 /* Pods-alinaNutrisport.release.xcconfig */,
			);
			path = Pods;
			sourceTree = "<group>";
		};
		CF0A404A24B5068E008F583B /* Documentos */ = {
			isa = PBXGroup;
			children = (
				CF0A404B24B506B6008F583B /* documentosViewController.swift */,
				CF0A404D24B50A2E008F583B /* documentosGenericosViewController.swift */,
				CF0A405124B50A5C008F583B /* genericosTableViewCell.swift */,
				CF0A405224B50A5C008F583B /* genericosTableViewCell.xib */,
				CF0A404F24B50A3C008F583B /* documentosPersonalesViewController.swift */,
				CF0A405524B50A6D008F583B /* personalesTableViewCell.swift */,
				CF0A405624B50A6D008F583B /* personalesTableViewCell.xib */,
			);
			path = Documentos;
			sourceTree = "<group>";
		};
		CF24BF1724D0D74F002F4B13 /* newProfile */ = {
			isa = PBXGroup;
			children = (
				CF24BF1824D0D786002F4B13 /* profileViewSwitcher.swift */,
				CF24BF1A24D0DB7C002F4B13 /* profileData.swift */,
				CF24BF1C24D0E480002F4B13 /* statisticsData.swift */,
				CF24BF1E24D0ECF5002F4B13 /* newInfoData.swift */,
				9D2F8EFD253628E7001790A9 /* trackingsTableViewCell.swift */,
				9D2F8EFE253628E7001790A9 /* trackingsTableViewCell.xib */,
				9D2F8F0325367D6E001790A9 /* trackingDetailViewController.swift */,
				9D2F8F0425367D6E001790A9 /* trackingDetailViewController.xib */,
			);
			path = newProfile;
			sourceTree = "<group>";
		};
		CFA22A9C2422850E0036DB71 = {
			isa = PBXGroup;
			children = (
				9D23A7BF250DAA0400218C24 /* Nutrition Tracking */,
				9D23A7AD250B32B500218C24 /* Diets */,
				CFA2A9A724BD1A1E00218C55 /* Chat */,
				CF0A404A24B5068E008F583B /* Documentos */,
				9D498C6E24B2DC3800ADF7F2 /* profileViewController */,
				9DC0956D2458EBFE00ED6B59 /* Models */,
				9DC9486A2432E08C00D65573 /* Main */,
				9DC948672432993B00D65573 /* Misc */,
				9DC948642432925400D65573 /* Login */,
				CFA22AA72422850E0036DB71 /* alinaNutrisport */,
				CFA22AA62422850E0036DB71 /* Products */,
				B58967FC3F7F1D5D90362EDE /* Pods */,
				71B1E6CFE821DD10ABAC5AEB /* Frameworks */,
			);
			sourceTree = "<group>";
		};
		CFA22AA62422850E0036DB71 /* Products */ = {
			isa = PBXGroup;
			children = (
				CFA22AA52422850E0036DB71 /* alinaNutrisport.app */,
			);
			name = Products;
			sourceTree = "<group>";
		};
		CFA22AA72422850E0036DB71 /* alinaNutrisport */ = {
			isa = PBXGroup;
			children = (
				CFA22AAE2422850E0036DB71 /* Main.storyboard */,
				CFA22AA82422850E0036DB71 /* AppDelegate.swift */,
				CFA22AB1242285110036DB71 /* Assets.xcassets */,
				CFA22AB3242285110036DB71 /* LaunchScreen.storyboard */,
				CFA22AB6242285110036DB71 /* Info.plist */,
			);
			path = alinaNutrisport;
			sourceTree = "<group>";
		};
		CFA2A9A724BD1A1E00218C55 /* Chat */ = {
			isa = PBXGroup;
			children = (
				CFA2A9A824BD1A3600218C55 /* chatViewController.swift */,
				CFA2A9AA24BD1D4C00218C55 /* messageTableViewCell.swift */,
				CFA2A9AB24BD1D4C00218C55 /* messageTableViewCell.xib */,
			);
			path = Chat;
			sourceTree = "<group>";
		};
/* End PBXGroup section */

/* Begin PBXNativeTarget section */
		CFA22AA42422850E0036DB71 /* alinaNutrisport */ = {
			isa = PBXNativeTarget;
			buildConfigurationList = CFA22AB9242285110036DB71 /* Build configuration list for PBXNativeTarget "alinaNutrisport" */;
			buildPhases = (
				81C1E8D46699A423B2D38206 /* [CP] Check Pods Manifest.lock */,
				CFA22AA12422850E0036DB71 /* Sources */,
				CFA22AA22422850E0036DB71 /* Frameworks */,
				CFA22AA32422850E0036DB71 /* Resources */,
				FE845EE20DD1F4F672AAF2ED /* [CP] Embed Pods Frameworks */,
			);
			buildRules = (
			);
			dependencies = (
			);
			name = alinaNutrisport;
			productName = alinaNutrisport;
			productReference = CFA22AA52422850E0036DB71 /* alinaNutrisport.app */;
			productType = "com.apple.product-type.application";
		};
/* End PBXNativeTarget section */

/* Begin PBXProject section */
		CFA22A9D2422850E0036DB71 /* Project object */ = {
			isa = PBXProject;
			attributes = {
				LastSwiftUpdateCheck = 1130;
				LastUpgradeCheck = 1130;
				ORGANIZATIONNAME = Easycode;
				TargetAttributes = {
					CFA22AA42422850E0036DB71 = {
						CreatedOnToolsVersion = 11.3.1;
					};
				};
			};
			buildConfigurationList = CFA22AA02422850E0036DB71 /* Build configuration list for PBXProject "alinaNutrisport" */;
			compatibilityVersion = "Xcode 9.3";
			developmentRegion = en;
			hasScannedForEncodings = 0;
			knownRegions = (
				en,
				Base,
			);
			mainGroup = CFA22A9C2422850E0036DB71;
			productRefGroup = CFA22AA62422850E0036DB71 /* Products */;
			projectDirPath = "";
			projectRoot = "";
			targets = (
				CFA22AA42422850E0036DB71 /* alinaNutrisport */,
			);
		};
/* End PBXProject section */

/* Begin PBXResourcesBuildPhase section */
		CFA22AA32422850E0036DB71 /* Resources */ = {
			isa = PBXResourcesBuildPhase;
			buildActionMask = 2147483647;
			files = (
				9D23A7B6250B48DF00218C24 /* todaysMenuTableViewCell.xib in Resources */,
				CFA22AB5242285110036DB71 /* LaunchScreen.storyboard in Resources */,
				CF0A404924B4FBB0008F583B /* datesTableViewCell.xib in Resources */,
				CFA22AB2242285110036DB71 /* Assets.xcassets in Resources */,
				9D2F8F00253628E7001790A9 /* trackingsTableViewCell.xib in Resources */,
				CF0A405824B50A6D008F583B /* personalesTableViewCell.xib in Resources */,
				CF0A404124B4E27F008F583B /* dietsCollectionViewCell.xib in Resources */,
				CFA2A9AD24BD1D4C00218C55 /* messageTableViewCell.xib in Resources */,
				9D23A7B2250B336400218C24 /* todayDietPopUpViewController.xib in Resources */,
				CF0A405424B50A5C008F583B /* genericosTableViewCell.xib in Resources */,
				9DDC26E12435C1B1002FAC0D /* sectionsCollectionViewCell.xib in Resources */,
				CFA2A9A624BD107900218C55 /* webViewViewController.xib in Resources */,
				9D23A7C5250DC11700218C24 /* tracking.storyboard in Resources */,
				9D2F8F0625367D6E001790A9 /* trackingDetailViewController.xib in Resources */,
				9D23A7BE250C781C00218C24 /* anotherProfileViewController.xib in Resources */,
				CFA22AB02422850E0036DB71 /* Main.storyboard in Resources */,
				9D23A7CD250DD74E00218C24 /* dailyInfoTableViewCell.xib in Resources */,
			);
			runOnlyForDeploymentPostprocessing = 0;
		};
/* End PBXResourcesBuildPhase section */

/* Begin PBXShellScriptBuildPhase section */
		81C1E8D46699A423B2D38206 /* [CP] Check Pods Manifest.lock */ = {
			isa = PBXShellScriptBuildPhase;
			buildActionMask = 2147483647;
			files = (
			);
			inputFileListPaths = (
			);
			inputPaths = (
				"${PODS_PODFILE_DIR_PATH}/Podfile.lock",
				"${PODS_ROOT}/Manifest.lock",
			);
			name = "[CP] Check Pods Manifest.lock";
			outputFileListPaths = (
			);
			outputPaths = (
				"$(DERIVED_FILE_DIR)/Pods-alinaNutrisport-checkManifestLockResult.txt",
			);
			runOnlyForDeploymentPostprocessing = 0;
			shellPath = /bin/sh;
			shellScript = "diff \"${PODS_PODFILE_DIR_PATH}/Podfile.lock\" \"${PODS_ROOT}/Manifest.lock\" > /dev/null\nif [ $? != 0 ] ; then\n    # print error to STDERR\n    echo \"error: The sandbox is not in sync with the Podfile.lock. Run 'pod install' or update your CocoaPods installation.\" >&2\n    exit 1\nfi\n# This output is used by Xcode 'outputs' to avoid re-running this script phase.\necho \"SUCCESS\" > \"${SCRIPT_OUTPUT_FILE_0}\"\n";
			showEnvVarsInLog = 0;
		};
		FE845EE20DD1F4F672AAF2ED /* [CP] Embed Pods Frameworks */ = {
			isa = PBXShellScriptBuildPhase;
			buildActionMask = 2147483647;
			files = (
			);
			inputFileListPaths = (
				"${PODS_ROOT}/Target Support Files/Pods-alinaNutrisport/Pods-alinaNutrisport-frameworks-${CONFIGURATION}-input-files.xcfilelist",
			);
			name = "[CP] Embed Pods Frameworks";
			outputFileListPaths = (
				"${PODS_ROOT}/Target Support Files/Pods-alinaNutrisport/Pods-alinaNutrisport-frameworks-${CONFIGURATION}-output-files.xcfilelist",
			);
			runOnlyForDeploymentPostprocessing = 0;
			shellPath = /bin/sh;
			shellScript = "\"${PODS_ROOT}/Target Support Files/Pods-alinaNutrisport/Pods-alinaNutrisport-frameworks.sh\"\n";
			showEnvVarsInLog = 0;
		};
/* End PBXShellScriptBuildPhase section */

/* Begin PBXSourcesBuildPhase section */
		CFA22AA12422850E0036DB71 /* Sources */ = {
			isa = PBXSourcesBuildPhase;
			buildActionMask = 2147483647;
			files = (
				9D2F8F0525367D6E001790A9 /* trackingDetailViewController.swift in Sources */,
				9D3392EA2510F698000BC69C /* measurements2.swift in Sources */,
				9DDC26E02435C1B1002FAC0D /* sectionsCollectionViewCell.swift in Sources */,
				9D23A7C7250DCC9D00218C24 /* trackingViewController.swift in Sources */,
				9DBD90E52453483E00191361 /* recoverViewController.swift in Sources */,
				CF24BF1924D0D786002F4B13 /* profileViewSwitcher.swift in Sources */,
				CF24BF1B24D0DB7C002F4B13 /* profileData.swift in Sources */,
				CFA22AA92422850E0036DB71 /* AppDelegate.swift in Sources */,
				CFA2A9AC24BD1D4C00218C55 /* messageTableViewCell.swift in Sources */,
				9DC9486C2432E53300D65573 /* mainViewController.swift in Sources */,
				CF0A404524B4F7E0008F583B /* datesViewController.swift in Sources */,
				9DC948662432928100D65573 /* loginViewController.swift in Sources */,
				CF24BF1D24D0E480002F4B13 /* statisticsData.swift in Sources */,
				9D2F8F09253690FC001790A9 /* newTrackingInfo.swift in Sources */,
				9D23A7B5250B48DF00218C24 /* todaysMenuTableViewCell.swift in Sources */,
				9D23A7BD250C781C00218C24 /* anotherProfileViewController.swift in Sources */,
				CF56A49B24BF852A0060D86A /* Measurements.swift in Sources */,
				CFA6CE0624CA3F9E0047E870 /* chartsInfo.swift in Sources */,
				CFA39F5124BE51B500626A6B /* profleOtherViewController.swift in Sources */,
				CF0A404824B4FBB0008F583B /* datesTableViewCell.swift in Sources */,
				9D23A7B1250B336400218C24 /* todayDietPopUpViewController.swift in Sources */,
				CF88053024B8E66B001DD622 /* updatedProfile.swift in Sources */,
				CFA2A9A524BD107800218C55 /* webViewViewController.swift in Sources */,
				CF0A405724B50A6D008F583B /* personalesTableViewCell.swift in Sources */,
				9DC948692432996000D65573 /* Extensions.swift in Sources */,
				CF0A404324B4EBB5008F583B /* settingsViewController.swift in Sources */,
				9D2F8EFF253628E7001790A9 /* trackingsTableViewCell.swift in Sources */,
				CF0A404C24B506B6008F583B /* documentosViewController.swift in Sources */,
				CF0A404E24B50A2E008F583B /* documentosGenericosViewController.swift in Sources */,
				CF0A405024B50A3C008F583B /* documentosPersonalesViewController.swift in Sources */,
				CF0A403924B4E108008F583B /* dietsViewController.swift in Sources */,
				9DC095732459312800ED6B59 /* Login.swift in Sources */,
				CF0A405324B50A5C008F583B /* genericosTableViewCell.swift in Sources */,
				CFA2A9A924BD1A3600218C55 /* chatViewController.swift in Sources */,
				CF88052E24B8DE87001DD622 /* profileInfo.swift in Sources */,
				9D23A7CC250DD74E00218C24 /* dailyInfoTableViewCell.swift in Sources */,
				9DE4A44B253A27E100ED3CE0 /* weekMenuViewController.swift in Sources */,
				CF0A404024B4E27F008F583B /* dietsCollectionViewCell.swift in Sources */,
				CF24BF1F24D0ECF5002F4B13 /* newInfoData.swift in Sources */,
				9DC095712458ED1C00ED6B59 /* baseURL.swift in Sources */,
				9D498C7024B2DC5D00ADF7F2 /* profileViewController.swift in Sources */,
				9DC0956F2458EC1200ED6B59 /* Recover.swift in Sources */,
				9D23A7C9250DD3B600218C24 /* dailyTrackingViewController.swift in Sources */,
			);
			runOnlyForDeploymentPostprocessing = 0;
		};
/* End PBXSourcesBuildPhase section */

/* Begin PBXVariantGroup section */
		CFA22AAE2422850E0036DB71 /* Main.storyboard */ = {
			isa = PBXVariantGroup;
			children = (
				CFA22AAF2422850E0036DB71 /* Base */,
			);
			name = Main.storyboard;
			sourceTree = "<group>";
		};
		CFA22AB3242285110036DB71 /* LaunchScreen.storyboard */ = {
			isa = PBXVariantGroup;
			children = (
				CFA22AB4242285110036DB71 /* Base */,
			);
			name = LaunchScreen.storyboard;
			sourceTree = "<group>";
		};
/* End PBXVariantGroup section */

/* Begin XCBuildConfiguration section */
		CFA22AB7242285110036DB71 /* Debug */ = {
			isa = XCBuildConfiguration;
			buildSettings = {
				ALWAYS_SEARCH_USER_PATHS = NO;
				CLANG_ANALYZER_NONNULL = YES;
				CLANG_ANALYZER_NUMBER_OBJECT_CONVERSION = YES_AGGRESSIVE;
				CLANG_CXX_LANGUAGE_STANDARD = "gnu++14";
				CLANG_CXX_LIBRARY = "libc++";
				CLANG_ENABLE_MODULES = YES;
				CLANG_ENABLE_OBJC_ARC = YES;
				CLANG_ENABLE_OBJC_WEAK = YES;
				CLANG_WARN_BLOCK_CAPTURE_AUTORELEASING = YES;
				CLANG_WARN_BOOL_CONVERSION = YES;
				CLANG_WARN_COMMA = YES;
				CLANG_WARN_CONSTANT_CONVERSION = YES;
				CLANG_WARN_DEPRECATED_OBJC_IMPLEMENTATIONS = YES;
				CLANG_WARN_DIRECT_OBJC_ISA_USAGE = YES_ERROR;
				CLANG_WARN_DOCUMENTATION_COMMENTS = YES;
				CLANG_WARN_EMPTY_BODY = YES;
				CLANG_WARN_ENUM_CONVERSION = YES;
				CLANG_WARN_INFINITE_RECURSION = YES;
				CLANG_WARN_INT_CONVERSION = YES;
				CLANG_WARN_NON_LITERAL_NULL_CONVERSION = YES;
				CLANG_WARN_OBJC_IMPLICIT_RETAIN_SELF = YES;
				CLANG_WARN_OBJC_LITERAL_CONVERSION = YES;
				CLANG_WARN_OBJC_ROOT_CLASS = YES_ERROR;
				CLANG_WARN_RANGE_LOOP_ANALYSIS = YES;
				CLANG_WARN_STRICT_PROTOTYPES = YES;
				CLANG_WARN_SUSPICIOUS_MOVE = YES;
				CLANG_WARN_UNGUARDED_AVAILABILITY = YES_AGGRESSIVE;
				CLANG_WARN_UNREACHABLE_CODE = YES;
				CLANG_WARN__DUPLICATE_METHOD_MATCH = YES;
				COPY_PHASE_STRIP = NO;
				DEBUG_INFORMATION_FORMAT = dwarf;
				ENABLE_STRICT_OBJC_MSGSEND = YES;
				ENABLE_TESTABILITY = YES;
				GCC_C_LANGUAGE_STANDARD = gnu11;
				GCC_DYNAMIC_NO_PIC = NO;
				GCC_NO_COMMON_BLOCKS = YES;
				GCC_OPTIMIZATION_LEVEL = 0;
				GCC_PREPROCESSOR_DEFINITIONS = (
					"DEBUG=1",
					"$(inherited)",
				);
				GCC_WARN_64_TO_32_BIT_CONVERSION = YES;
				GCC_WARN_ABOUT_RETURN_TYPE = YES_ERROR;
				GCC_WARN_UNDECLARED_SELECTOR = YES;
				GCC_WARN_UNINITIALIZED_AUTOS = YES_AGGRESSIVE;
				GCC_WARN_UNUSED_FUNCTION = YES;
				GCC_WARN_UNUSED_VARIABLE = YES;
				IPHONEOS_DEPLOYMENT_TARGET = 13.2;
				MTL_ENABLE_DEBUG_INFO = INCLUDE_SOURCE;
				MTL_FAST_MATH = YES;
				ONLY_ACTIVE_ARCH = YES;
				SDKROOT = iphoneos;
				SWIFT_ACTIVE_COMPILATION_CONDITIONS = DEBUG;
				SWIFT_OPTIMIZATION_LEVEL = "-Onone";
			};
			name = Debug;
		};
		CFA22AB8242285110036DB71 /* Release */ = {
			isa = XCBuildConfiguration;
			buildSettings = {
				ALWAYS_SEARCH_USER_PATHS = NO;
				CLANG_ANALYZER_NONNULL = YES;
				CLANG_ANALYZER_NUMBER_OBJECT_CONVERSION = YES_AGGRESSIVE;
				CLANG_CXX_LANGUAGE_STANDARD = "gnu++14";
				CLANG_CXX_LIBRARY = "libc++";
				CLANG_ENABLE_MODULES = YES;
				CLANG_ENABLE_OBJC_ARC = YES;
				CLANG_ENABLE_OBJC_WEAK = YES;
				CLANG_WARN_BLOCK_CAPTURE_AUTORELEASING = YES;
				CLANG_WARN_BOOL_CONVERSION = YES;
				CLANG_WARN_COMMA = YES;
				CLANG_WARN_CONSTANT_CONVERSION = YES;
				CLANG_WARN_DEPRECATED_OBJC_IMPLEMENTATIONS = YES;
				CLANG_WARN_DIRECT_OBJC_ISA_USAGE = YES_ERROR;
				CLANG_WARN_DOCUMENTATION_COMMENTS = YES;
				CLANG_WARN_EMPTY_BODY = YES;
				CLANG_WARN_ENUM_CONVERSION = YES;
				CLANG_WARN_INFINITE_RECURSION = YES;
				CLANG_WARN_INT_CONVERSION = YES;
				CLANG_WARN_NON_LITERAL_NULL_CONVERSION = YES;
				CLANG_WARN_OBJC_IMPLICIT_RETAIN_SELF = YES;
				CLANG_WARN_OBJC_LITERAL_CONVERSION = YES;
				CLANG_WARN_OBJC_ROOT_CLASS = YES_ERROR;
				CLANG_WARN_RANGE_LOOP_ANALYSIS = YES;
				CLANG_WARN_STRICT_PROTOTYPES = YES;
				CLANG_WARN_SUSPICIOUS_MOVE = YES;
				CLANG_WARN_UNGUARDED_AVAILABILITY = YES_AGGRESSIVE;
				CLANG_WARN_UNREACHABLE_CODE = YES;
				CLANG_WARN__DUPLICATE_METHOD_MATCH = YES;
				COPY_PHASE_STRIP = NO;
				DEBUG_INFORMATION_FORMAT = "dwarf-with-dsym";
				ENABLE_NS_ASSERTIONS = NO;
				ENABLE_STRICT_OBJC_MSGSEND = YES;
				GCC_C_LANGUAGE_STANDARD = gnu11;
				GCC_NO_COMMON_BLOCKS = YES;
				GCC_WARN_64_TO_32_BIT_CONVERSION = YES;
				GCC_WARN_ABOUT_RETURN_TYPE = YES_ERROR;
				GCC_WARN_UNDECLARED_SELECTOR = YES;
				GCC_WARN_UNINITIALIZED_AUTOS = YES_AGGRESSIVE;
				GCC_WARN_UNUSED_FUNCTION = YES;
				GCC_WARN_UNUSED_VARIABLE = YES;
				IPHONEOS_DEPLOYMENT_TARGET = 13.2;
				MTL_ENABLE_DEBUG_INFO = NO;
				MTL_FAST_MATH = YES;
				SDKROOT = iphoneos;
				SWIFT_COMPILATION_MODE = wholemodule;
				SWIFT_OPTIMIZATION_LEVEL = "-O";
				VALIDATE_PRODUCT = YES;
			};
			name = Release;
		};
		CFA22ABA242285110036DB71 /* Debug */ = {
			isa = XCBuildConfiguration;
			baseConfigurationReference = 0061E9C3B53F359BF2496BDB /* Pods-alinaNutrisport.debug.xcconfig */;
			buildSettings = {
				ASSETCATALOG_COMPILER_APPICON_NAME = AppIcon;
				CODE_SIGN_STYLE = Automatic;
				CURRENT_PROJECT_VERSION = 13;
				DEVELOPMENT_TEAM = W4MERUEP35;
				INFOPLIST_FILE = alinaNutrisport/Info.plist;
				IPHONEOS_DEPLOYMENT_TARGET = 11.2;
				LD_RUNPATH_SEARCH_PATHS = (
					"$(inherited)",
					"@executable_path/Frameworks",
				);
				MARKETING_VERSION = 0.3;
				PRODUCT_BUNDLE_IDENTIFIER = com.easycode.alinaNutrisport;
				PRODUCT_NAME = "$(TARGET_NAME)";
				SWIFT_VERSION = 5.0;
				TARGETED_DEVICE_FAMILY = 1;
			};
			name = Debug;
		};
		CFA22ABB242285110036DB71 /* Release */ = {
			isa = XCBuildConfiguration;
			baseConfigurationReference = 17AF5EC5AF55D858B5354287 /* Pods-alinaNutrisport.release.xcconfig */;
			buildSettings = {
				ASSETCATALOG_COMPILER_APPICON_NAME = AppIcon;
				CODE_SIGN_STYLE = Automatic;
				CURRENT_PROJECT_VERSION = 13;
				DEVELOPMENT_TEAM = W4MERUEP35;
				INFOPLIST_FILE = alinaNutrisport/Info.plist;
				IPHONEOS_DEPLOYMENT_TARGET = 11.2;
				LD_RUNPATH_SEARCH_PATHS = (
					"$(inherited)",
					"@executable_path/Frameworks",
				);
				MARKETING_VERSION = 0.3;
				PRODUCT_BUNDLE_IDENTIFIER = com.easycode.alinaNutrisport;
				PRODUCT_NAME = "$(TARGET_NAME)";
				SWIFT_VERSION = 5.0;
				TARGETED_DEVICE_FAMILY = 1;
			};
			name = Release;
		};
/* End XCBuildConfiguration section */

/* Begin XCConfigurationList section */
		CFA22AA02422850E0036DB71 /* Build configuration list for PBXProject "alinaNutrisport" */ = {
			isa = XCConfigurationList;
			buildConfigurations = (
				CFA22AB7242285110036DB71 /* Debug */,
				CFA22AB8242285110036DB71 /* Release */,
			);
			defaultConfigurationIsVisible = 0;
			defaultConfigurationName = Release;
		};
		CFA22AB9242285110036DB71 /* Build configuration list for PBXNativeTarget "alinaNutrisport" */ = {
			isa = XCConfigurationList;
			buildConfigurations = (
				CFA22ABA242285110036DB71 /* Debug */,
				CFA22ABB242285110036DB71 /* Release */,
			);
			defaultConfigurationIsVisible = 0;
			defaultConfigurationName = Release;
		};
/* End XCConfigurationList section */
	};
	rootObject = CFA22A9D2422850E0036DB71 /* Project object */;
}
